// !$*UTF8*$!
{
	archiveVersion = 1;
	classes = {
	};
	objectVersion = 56;
	objects = {

/* Begin PBXBuildFile section */
		A06C81C72C72EF9D00181576 /* Recommendations.swift in Sources */ = {isa = PBXBuildFile; fileRef = A06C81C62C72EF9D00181576 /* Recommendations.swift */; };
		A06C81C92C72F0D800181576 /* Library.swift in Sources */ = {isa = PBXBuildFile; fileRef = A06C81C82C72F0D800181576 /* Library.swift */; };
		A06C81CB2C72F0EC00181576 /* Saved Guides.swift in Sources */ = {isa = PBXBuildFile; fileRef = A06C81CA2C72F0EC00181576 /* Saved Guides.swift */; };
		A09C652B2C44E36C003F1545 /* Settings.swift in Sources */ = {isa = PBXBuildFile; fileRef = A09C652A2C44E36C003F1545 /* Settings.swift */; };
		A0A4764F2C744A2A001AA927 /* Mindone.png in Resources */ = {isa = PBXBuildFile; fileRef = A0A4764E2C744A2A001AA927 /* Mindone.png */; };
		A0BA7F202C40D3B500082026 /* MindfulnessiOSApp.swift in Sources */ = {isa = PBXBuildFile; fileRef = A0BA7F1F2C40D3B500082026 /* MindfulnessiOSApp.swift */; };
		A0BA7F222C40D3B500082026 /* ContentView.swift in Sources */ = {isa = PBXBuildFile; fileRef = A0BA7F212C40D3B500082026 /* ContentView.swift */; };
		A0BA7F242C40D3B800082026 /* Assets.xcassets in Resources */ = {isa = PBXBuildFile; fileRef = A0BA7F232C40D3B800082026 /* Assets.xcassets */; };
		A0BA7F272C40D3B800082026 /* Preview Assets.xcassets in Resources */ = {isa = PBXBuildFile; fileRef = A0BA7F262C40D3B800082026 /* Preview Assets.xcassets */; };
		A0BA7F312C40D3B800082026 /* MindfulnessiOSTests.swift in Sources */ = {isa = PBXBuildFile; fileRef = A0BA7F302C40D3B800082026 /* MindfulnessiOSTests.swift */; };
		A0BA7F3B2C40D3B800082026 /* MindfulnessiOSUITests.swift in Sources */ = {isa = PBXBuildFile; fileRef = A0BA7F3A2C40D3B800082026 /* MindfulnessiOSUITests.swift */; };
		A0BA7F3D2C40D3B800082026 /* MindfulnessiOSUITestsLaunchTests.swift in Sources */ = {isa = PBXBuildFile; fileRef = A0BA7F3C2C40D3B800082026 /* MindfulnessiOSUITestsLaunchTests.swift */; };
/* End PBXBuildFile section */

/* Begin PBXContainerItemProxy section */
		A0BA7F2D2C40D3B800082026 /* PBXContainerItemProxy */ = {
			isa = PBXContainerItemProxy;
			containerPortal = A0BA7F142C40D3B500082026 /* Project object */;
			proxyType = 1;
			remoteGlobalIDString = A0BA7F1B2C40D3B500082026;
			remoteInfo = MindfulnessiOS;
		};
		A0BA7F372C40D3B800082026 /* PBXContainerItemProxy */ = {
			isa = PBXContainerItemProxy;
			containerPortal = A0BA7F142C40D3B500082026 /* Project object */;
			proxyType = 1;
			remoteGlobalIDString = A0BA7F1B2C40D3B500082026;
			remoteInfo = MindfulnessiOS;
		};
/* End PBXContainerItemProxy section */

/* Begin PBXFileReference section */
		A06C81C62C72EF9D00181576 /* Recommendations.swift */ = {isa = PBXFileReference; lastKnownFileType = sourcecode.swift; path = Recommendations.swift; sourceTree = "<group>"; };
		A06C81C82C72F0D800181576 /* Library.swift */ = {isa = PBXFileReference; lastKnownFileType = sourcecode.swift; path = Library.swift; sourceTree = "<group>"; };
		A06C81CA2C72F0EC00181576 /* Saved Guides.swift */ = {isa = PBXFileReference; lastKnownFileType = sourcecode.swift; path = "Saved Guides.swift"; sourceTree = "<group>"; };
		A09C652A2C44E36C003F1545 /* Settings.swift */ = {isa = PBXFileReference; lastKnownFileType = sourcecode.swift; path = Settings.swift; sourceTree = "<group>"; };
		A0A4764E2C744A2A001AA927 /* Mindone.png */ = {isa = PBXFileReference; lastKnownFileType = image.png; path = Mindone.png; sourceTree = "<group>"; };
		A0BA7F1C2C40D3B500082026 /* MindfulnessiOS.app */ = {isa = PBXFileReference; explicitFileType = wrapper.application; includeInIndex = 0; path = MindfulnessiOS.app; sourceTree = BUILT_PRODUCTS_DIR; };
		A0BA7F1F2C40D3B500082026 /* MindfulnessiOSApp.swift */ = {isa = PBXFileReference; lastKnownFileType = sourcecode.swift; path = MindfulnessiOSApp.swift; sourceTree = "<group>"; };
		A0BA7F212C40D3B500082026 /* ContentView.swift */ = {isa = PBXFileReference; lastKnownFileType = sourcecode.swift; path = ContentView.swift; sourceTree = "<group>"; };
		A0BA7F232C40D3B800082026 /* Assets.xcassets */ = {isa = PBXFileReference; lastKnownFileType = folder.assetcatalog; path = Assets.xcassets; sourceTree = "<group>"; };
		A0BA7F262C40D3B800082026 /* Preview Assets.xcassets */ = {isa = PBXFileReference; lastKnownFileType = folder.assetcatalog; path = "Preview Assets.xcassets"; sourceTree = "<group>"; };
		A0BA7F2C2C40D3B800082026 /* MindfulnessiOSTests.xctest */ = {isa = PBXFileReference; explicitFileType = wrapper.cfbundle; includeInIndex = 0; path = MindfulnessiOSTests.xctest; sourceTree = BUILT_PRODUCTS_DIR; };
		A0BA7F302C40D3B800082026 /* MindfulnessiOSTests.swift */ = {isa = PBXFileReference; lastKnownFileType = sourcecode.swift; path = MindfulnessiOSTests.swift; sourceTree = "<group>"; };
		A0BA7F362C40D3B800082026 /* MindfulnessiOSUITests.xctest */ = {isa = PBXFileReference; explicitFileType = wrapper.cfbundle; includeInIndex = 0; path = MindfulnessiOSUITests.xctest; sourceTree = BUILT_PRODUCTS_DIR; };
		A0BA7F3A2C40D3B800082026 /* MindfulnessiOSUITests.swift */ = {isa = PBXFileReference; lastKnownFileType = sourcecode.swift; path = MindfulnessiOSUITests.swift; sourceTree = "<group>"; };
		A0BA7F3C2C40D3B800082026 /* MindfulnessiOSUITestsLaunchTests.swift */ = {isa = PBXFileReference; lastKnownFileType = sourcecode.swift; path = MindfulnessiOSUITestsLaunchTests.swift; sourceTree = "<group>"; };
/* End PBXFileReference section */

/* Begin PBXFrameworksBuildPhase section */
		A0BA7F192C40D3B500082026 /* Frameworks */ = {
			isa = PBXFrameworksBuildPhase;
			buildActionMask = 2147483647;
			files = (
			);
			runOnlyForDeploymentPostprocessing = 0;
		};
		A0BA7F292C40D3B800082026 /* Frameworks */ = {
			isa = PBXFrameworksBuildPhase;
			buildActionMask = 2147483647;
			files = (
			);
			runOnlyForDeploymentPostprocessing = 0;
		};
		A0BA7F332C40D3B800082026 /* Frameworks */ = {
			isa = PBXFrameworksBuildPhase;
			buildActionMask = 2147483647;
			files = (
			);
			runOnlyForDeploymentPostprocessing = 0;
		};
/* End PBXFrameworksBuildPhase section */

/* Begin PBXGroup section */
		A0BA7F132C40D3B500082026 = {
			isa = PBXGroup;
			children = (
				A0BA7F1E2C40D3B500082026 /* MindfulnessiOS */,
				A0BA7F2F2C40D3B800082026 /* MindfulnessiOSTests */,
				A0BA7F392C40D3B800082026 /* MindfulnessiOSUITests */,
				A0BA7F1D2C40D3B500082026 /* Products */,
			);
			sourceTree = "<group>";
		};
		A0BA7F1D2C40D3B500082026 /* Products */ = {
			isa = PBXGroup;
			children = (
				A0BA7F1C2C40D3B500082026 /* MindfulnessiOS.app */,
				A0BA7F2C2C40D3B800082026 /* MindfulnessiOSTests.xctest */,
				A0BA7F362C40D3B800082026 /* MindfulnessiOSUITests.xctest */,
			);
			name = Products;
			sourceTree = "<group>";
		};
		A0BA7F1E2C40D3B500082026 /* MindfulnessiOS */ = {
			isa = PBXGroup;
			children = (
				A0BA7F1F2C40D3B500082026 /* MindfulnessiOSApp.swift */,
				A0BA7F212C40D3B500082026 /* ContentView.swift */,
				A0A4764E2C744A2A001AA927 /* Mindone.png */,
				A06C81C82C72F0D800181576 /* Library.swift */,
				A06C81CA2C72F0EC00181576 /* Saved Guides.swift */,
				A06C81C62C72EF9D00181576 /* Recommendations.swift */,
				A09C652A2C44E36C003F1545 /* Settings.swift */,
				A0BA7F232C40D3B800082026 /* Assets.xcassets */,
				A0BA7F252C40D3B800082026 /* Preview Content */,
			);
			path = MindfulnessiOS;
			sourceTree = "<group>";
		};
		A0BA7F252C40D3B800082026 /* Preview Content */ = {
			isa = PBXGroup;
			children = (
				A0BA7F262C40D3B800082026 /* Preview Assets.xcassets */,
			);
			path = "Preview Content";
			sourceTree = "<group>";
		};
		A0BA7F2F2C40D3B800082026 /* MindfulnessiOSTests */ = {
			isa = PBXGroup;
			children = (
				A0BA7F302C40D3B800082026 /* MindfulnessiOSTests.swift */,
			);
			path = MindfulnessiOSTests;
			sourceTree = "<group>";
		};
		A0BA7F392C40D3B800082026 /* MindfulnessiOSUITests */ = {
			isa = PBXGroup;
			children = (
				A0BA7F3A2C40D3B800082026 /* MindfulnessiOSUITests.swift */,
				A0BA7F3C2C40D3B800082026 /* MindfulnessiOSUITestsLaunchTests.swift */,
			);
			path = MindfulnessiOSUITests;
			sourceTree = "<group>";
		};
/* End PBXGroup section */

/* Begin PBXNativeTarget section */
		A0BA7F1B2C40D3B500082026 /* MindfulnessiOS */ = {
			isa = PBXNativeTarget;
			buildConfigurationList = A0BA7F402C40D3B800082026 /* Build configuration list for PBXNativeTarget "MindfulnessiOS" */;
			buildPhases = (
				A0BA7F182C40D3B500082026 /* Sources */,
				A0BA7F192C40D3B500082026 /* Frameworks */,
				A0BA7F1A2C40D3B500082026 /* Resources */,
			);
			buildRules = (
			);
			dependencies = (
			);
			name = MindfulnessiOS;
			productName = MindfulnessiOS;
			productReference = A0BA7F1C2C40D3B500082026 /* MindfulnessiOS.app */;
			productType = "com.apple.product-type.application";
		};
		A0BA7F2B2C40D3B800082026 /* MindfulnessiOSTests */ = {
			isa = PBXNativeTarget;
			buildConfigurationList = A0BA7F432C40D3B800082026 /* Build configuration list for PBXNativeTarget "MindfulnessiOSTests" */;
			buildPhases = (
				A0BA7F282C40D3B800082026 /* Sources */,
				A0BA7F292C40D3B800082026 /* Frameworks */,
				A0BA7F2A2C40D3B800082026 /* Resources */,
			);
			buildRules = (
			);
			dependencies = (
				A0BA7F2E2C40D3B800082026 /* PBXTargetDependency */,
			);
			name = MindfulnessiOSTests;
			productName = MindfulnessiOSTests;
			productReference = A0BA7F2C2C40D3B800082026 /* MindfulnessiOSTests.xctest */;
			productType = "com.apple.product-type.bundle.unit-test";
		};
		A0BA7F352C40D3B800082026 /* MindfulnessiOSUITests */ = {
			isa = PBXNativeTarget;
			buildConfigurationList = A0BA7F462C40D3B800082026 /* Build configuration list for PBXNativeTarget "MindfulnessiOSUITests" */;
			buildPhases = (
				A0BA7F322C40D3B800082026 /* Sources */,
				A0BA7F332C40D3B800082026 /* Frameworks */,
				A0BA7F342C40D3B800082026 /* Resources */,
			);
			buildRules = (
			);
			dependencies = (
				A0BA7F382C40D3B800082026 /* PBXTargetDependency */,
			);
			name = MindfulnessiOSUITests;
			productName = MindfulnessiOSUITests;
			productReference = A0BA7F362C40D3B800082026 /* MindfulnessiOSUITests.xctest */;
			productType = "com.apple.product-type.bundle.ui-testing";
		};
/* End PBXNativeTarget section */

/* Begin PBXProject section */
		A0BA7F142C40D3B500082026 /* Project object */ = {
			isa = PBXProject;
			attributes = {
				BuildIndependentTargetsInParallel = 1;
				LastSwiftUpdateCheck = 1530;
				LastUpgradeCheck = 1530;
				TargetAttributes = {
					A0BA7F1B2C40D3B500082026 = {
						CreatedOnToolsVersion = 15.3;
					};
					A0BA7F2B2C40D3B800082026 = {
						CreatedOnToolsVersion = 15.3;
						TestTargetID = A0BA7F1B2C40D3B500082026;
					};
					A0BA7F352C40D3B800082026 = {
						CreatedOnToolsVersion = 15.3;
						TestTargetID = A0BA7F1B2C40D3B500082026;
					};
				};
			};
			buildConfigurationList = A0BA7F172C40D3B500082026 /* Build configuration list for PBXProject "MindfulnessiOS" */;
			compatibilityVersion = "Xcode 14.0";
			developmentRegion = en;
			hasScannedForEncodings = 0;
			knownRegions = (
				en,
				Base,
			);
			mainGroup = A0BA7F132C40D3B500082026;
			productRefGroup = A0BA7F1D2C40D3B500082026 /* Products */;
			projectDirPath = "";
			projectRoot = "";
			targets = (
				A0BA7F1B2C40D3B500082026 /* MindfulnessiOS */,
				A0BA7F2B2C40D3B800082026 /* MindfulnessiOSTests */,
				A0BA7F352C40D3B800082026 /* MindfulnessiOSUITests */,
			);
		};
/* End PBXProject section */

/* Begin PBXResourcesBuildPhase section */
		A0BA7F1A2C40D3B500082026 /* Resources */ = {
			isa = PBXResourcesBuildPhase;
			buildActionMask = 2147483647;
			files = (
				A0A4764F2C744A2A001AA927 /* Mindone.png in Resources */,
				A0BA7F272C40D3B800082026 /* Preview Assets.xcassets in Resources */,
				A0BA7F242C40D3B800082026 /* Assets.xcassets in Resources */,
			);
			runOnlyForDeploymentPostprocessing = 0;
		};
		A0BA7F2A2C40D3B800082026 /* Resources */ = {
			isa = PBXResourcesBuildPhase;
			buildActionMask = 2147483647;
			files = (
			);
			runOnlyForDeploymentPostprocessing = 0;
		};
		A0BA7F342C40D3B800082026 /* Resources */ = {
			isa = PBXResourcesBuildPhase;
			buildActionMask = 2147483647;
			files = (
			);
			runOnlyForDeploymentPostprocessing = 0;
		};
/* End PBXResourcesBuildPhase section */

/* Begin PBXSourcesBuildPhase section */
		A0BA7F182C40D3B500082026 /* Sources */ = {
			isa = PBXSourcesBuildPhase;
			buildActionMask = 2147483647;
			files = (
				A06C81C72C72EF9D00181576 /* Recommendations.swift in Sources */,
				A09C652B2C44E36C003F1545 /* Settings.swift in Sources */,
				A06C81C92C72F0D800181576 /* Library.swift in Sources */,
				A06C81CB2C72F0EC00181576 /* Saved Guides.swift in Sources */,
				A0BA7F222C40D3B500082026 /* ContentView.swift in Sources */,
				A0BA7F202C40D3B500082026 /* MindfulnessiOSApp.swift in Sources */,
			);
			runOnlyForDeploymentPostprocessing = 0;
		};
		A0BA7F282C40D3B800082026 /* Sources */ = {
			isa = PBXSourcesBuildPhase;
			buildActionMask = 2147483647;
			files = (
				A0BA7F312C40D3B800082026 /* MindfulnessiOSTests.swift in Sources */,
			);
			runOnlyForDeploymentPostprocessing = 0;
		};
		A0BA7F322C40D3B800082026 /* Sources */ = {
			isa = PBXSourcesBuildPhase;
			buildActionMask = 2147483647;
			files = (
				A0BA7F3B2C40D3B800082026 /* MindfulnessiOSUITests.swift in Sources */,
				A0BA7F3D2C40D3B800082026 /* MindfulnessiOSUITestsLaunchTests.swift in Sources */,
			);
			runOnlyForDeploymentPostprocessing = 0;
		};
/* End PBXSourcesBuildPhase section */

/* Begin PBXTargetDependency section */
		A0BA7F2E2C40D3B800082026 /* PBXTargetDependency */ = {
			isa = PBXTargetDependency;
			target = A0BA7F1B2C40D3B500082026 /* MindfulnessiOS */;
			targetProxy = A0BA7F2D2C40D3B800082026 /* PBXContainerItemProxy */;
		};
		A0BA7F382C40D3B800082026 /* PBXTargetDependency */ = {
			isa = PBXTargetDependency;
			target = A0BA7F1B2C40D3B500082026 /* MindfulnessiOS */;
			targetProxy = A0BA7F372C40D3B800082026 /* PBXContainerItemProxy */;
		};
/* End PBXTargetDependency section */

/* Begin XCBuildConfiguration section */
		A0BA7F3E2C40D3B800082026 /* Debug */ = {
			isa = XCBuildConfiguration;
			buildSettings = {
				ALWAYS_SEARCH_USER_PATHS = NO;
				ASSETCATALOG_COMPILER_GENERATE_SWIFT_ASSET_SYMBOL_EXTENSIONS = YES;
				CLANG_ANALYZER_NONNULL = YES;
				CLANG_ANALYZER_NUMBER_OBJECT_CONVERSION = YES_AGGRESSIVE;
				CLANG_CXX_LANGUAGE_STANDARD = "gnu++20";
				CLANG_ENABLE_MODULES = YES;
				CLANG_ENABLE_OBJC_ARC = YES;
				CLANG_ENABLE_OBJC_WEAK = YES;
				CLANG_WARN_BLOCK_CAPTURE_AUTORELEASING = YES;
				CLANG_WARN_BOOL_CONVERSION = YES;
				CLANG_WARN_COMMA = YES;
				CLANG_WARN_CONSTANT_CONVERSION = YES;
				CLANG_WARN_DEPRECATED_OBJC_IMPLEMENTATIONS = YES;
				CLANG_WARN_DIRECT_OBJC_ISA_USAGE = YES_ERROR;
				CLANG_WARN_DOCUMENTATION_COMMENTS = YES;
				CLANG_WARN_EMPTY_BODY = YES;
				CLANG_WARN_ENUM_CONVERSION = YES;
				CLANG_WARN_INFINITE_RECURSION = YES;
				CLANG_WARN_INT_CONVERSION = YES;
				CLANG_WARN_NON_LITERAL_NULL_CONVERSION = YES;
				CLANG_WARN_OBJC_IMPLICIT_RETAIN_SELF = YES;
				CLANG_WARN_OBJC_LITERAL_CONVERSION = YES;
				CLANG_WARN_OBJC_ROOT_CLASS = YES_ERROR;
				CLANG_WARN_QUOTED_INCLUDE_IN_FRAMEWORK_HEADER = YES;
				CLANG_WARN_RANGE_LOOP_ANALYSIS = YES;
				CLANG_WARN_STRICT_PROTOTYPES = YES;
				CLANG_WARN_SUSPICIOUS_MOVE = YES;
				CLANG_WARN_UNGUARDED_AVAILABILITY = YES_AGGRESSIVE;
				CLANG_WARN_UNREACHABLE_CODE = YES;
				CLANG_WARN__DUPLICATE_METHOD_MATCH = YES;
				COPY_PHASE_STRIP = NO;
				DEBUG_INFORMATION_FORMAT = dwarf;
				ENABLE_STRICT_OBJC_MSGSEND = YES;
				ENABLE_TESTABILITY = YES;
				ENABLE_USER_SCRIPT_SANDBOXING = YES;
				GCC_C_LANGUAGE_STANDARD = gnu17;
				GCC_DYNAMIC_NO_PIC = NO;
				GCC_NO_COMMON_BLOCKS = YES;
				GCC_OPTIMIZATION_LEVEL = 0;
				GCC_PREPROCESSOR_DEFINITIONS = (
					"DEBUG=1",
					"$(inherited)",
				);
				GCC_WARN_64_TO_32_BIT_CONVERSION = YES;
				GCC_WARN_ABOUT_RETURN_TYPE = YES_ERROR;
				GCC_WARN_UNDECLARED_SELECTOR = YES;
				GCC_WARN_UNINITIALIZED_AUTOS = YES_AGGRESSIVE;
				GCC_WARN_UNUSED_FUNCTION = YES;
				GCC_WARN_UNUSED_VARIABLE = YES;
				IPHONEOS_DEPLOYMENT_TARGET = 17.4;
				LOCALIZATION_PREFERS_STRING_CATALOGS = YES;
				MTL_ENABLE_DEBUG_INFO = INCLUDE_SOURCE;
				MTL_FAST_MATH = YES;
				ONLY_ACTIVE_ARCH = YES;
				SDKROOT = iphoneos;
				SWIFT_ACTIVE_COMPILATION_CONDITIONS = "DEBUG $(inherited)";
				SWIFT_OPTIMIZATION_LEVEL = "-Onone";
			};
			name = Debug;
		};
		A0BA7F3F2C40D3B800082026 /* Release */ = {
			isa = XCBuildConfiguration;
			buildSettings = {
				ALWAYS_SEARCH_USER_PATHS = NO;
				ASSETCATALOG_COMPILER_GENERATE_SWIFT_ASSET_SYMBOL_EXTENSIONS = YES;
				CLANG_ANALYZER_NONNULL = YES;
				CLANG_ANALYZER_NUMBER_OBJECT_CONVERSION = YES_AGGRESSIVE;
				CLANG_CXX_LANGUAGE_STANDARD = "gnu++20";
				CLANG_ENABLE_MODULES = YES;
				CLANG_ENABLE_OBJC_ARC = YES;
				CLANG_ENABLE_OBJC_WEAK = YES;
				CLANG_WARN_BLOCK_CAPTURE_AUTORELEASING = YES;
				CLANG_WARN_BOOL_CONVERSION = YES;
				CLANG_WARN_COMMA = YES;
				CLANG_WARN_CONSTANT_CONVERSION = YES;
				CLANG_WARN_DEPRECATED_OBJC_IMPLEMENTATIONS = YES;
				CLANG_WARN_DIRECT_OBJC_ISA_USAGE = YES_ERROR;
				CLANG_WARN_DOCUMENTATION_COMMENTS = YES;
				CLANG_WARN_EMPTY_BODY = YES;
				CLANG_WARN_ENUM_CONVERSION = YES;
				CLANG_WARN_INFINITE_RECURSION = YES;
				CLANG_WARN_INT_CONVERSION = YES;
				CLANG_WARN_NON_LITERAL_NULL_CONVERSION = YES;
				CLANG_WARN_OBJC_IMPLICIT_RETAIN_SELF = YES;
				CLANG_WARN_OBJC_LITERAL_CONVERSION = YES;
				CLANG_WARN_OBJC_ROOT_CLASS = YES_ERROR;
				CLANG_WARN_QUOTED_INCLUDE_IN_FRAMEWORK_HEADER = YES;
				CLANG_WARN_RANGE_LOOP_ANALYSIS = YES;
				CLANG_WARN_STRICT_PROTOTYPES = YES;
				CLANG_WARN_SUSPICIOUS_MOVE = YES;
				CLANG_WARN_UNGUARDED_AVAILABILITY = YES_AGGRESSIVE;
				CLANG_WARN_UNREACHABLE_CODE = YES;
				CLANG_WARN__DUPLICATE_METHOD_MATCH = YES;
				COPY_PHASE_STRIP = NO;
				DEBUG_INFORMATION_FORMAT = "dwarf-with-dsym";
				ENABLE_NS_ASSERTIONS = NO;
				ENABLE_STRICT_OBJC_MSGSEND = YES;
				ENABLE_USER_SCRIPT_SANDBOXING = YES;
				GCC_C_LANGUAGE_STANDARD = gnu17;
				GCC_NO_COMMON_BLOCKS = YES;
				GCC_WARN_64_TO_32_BIT_CONVERSION = YES;
				GCC_WARN_ABOUT_RETURN_TYPE = YES_ERROR;
				GCC_WARN_UNDECLARED_SELECTOR = YES;
				GCC_WARN_UNINITIALIZED_AUTOS = YES_AGGRESSIVE;
				GCC_WARN_UNUSED_FUNCTION = YES;
				GCC_WARN_UNUSED_VARIABLE = YES;
				IPHONEOS_DEPLOYMENT_TARGET = 17.4;
				LOCALIZATION_PREFERS_STRING_CATALOGS = YES;
				MTL_ENABLE_DEBUG_INFO = NO;
				MTL_FAST_MATH = YES;
				SDKROOT = iphoneos;
				SWIFT_COMPILATION_MODE = wholemodule;
				VALIDATE_PRODUCT = YES;
			};
			name = Release;
		};
		A0BA7F412C40D3B800082026 /* Debug */ = {
			isa = XCBuildConfiguration;
			buildSettings = {
				ASSETCATALOG_COMPILER_APPICON_NAME = AppIcon;
				ASSETCATALOG_COMPILER_GLOBAL_ACCENT_COLOR_NAME = AccentColor;
				CODE_SIGN_STYLE = Automatic;
				CURRENT_PROJECT_VERSION = 1;
				DEVELOPMENT_ASSET_PATHS = "\"MindfulnessiOS/Preview Content\"";
				ENABLE_PREVIEWS = YES;
				GENERATE_INFOPLIST_FILE = YES;
				INFOPLIST_KEY_UIApplicationSceneManifest_Generation = YES;
				INFOPLIST_KEY_UIApplicationSupportsIndirectInputEvents = YES;
				INFOPLIST_KEY_UILaunchScreen_Generation = YES;
				INFOPLIST_KEY_UISupportedInterfaceOrientations_iPad = "UIInterfaceOrientationPortrait UIInterfaceOrientationPortraitUpsideDown UIInterfaceOrientationLandscapeLeft UIInterfaceOrientationLandscapeRight";
				INFOPLIST_KEY_UISupportedInterfaceOrientations_iPhone = "UIInterfaceOrientationPortrait UIInterfaceOrientationLandscapeLeft UIInterfaceOrientationLandscapeRight";
				LD_RUNPATH_SEARCH_PATHS = (
					"$(inherited)",
					"@executable_path/Frameworks",
				);
				MARKETING_VERSION = 1.0;
				PRODUCT_BUNDLE_IDENTIFIER = com.palani.MindfulnessiOS;
				PRODUCT_NAME = "$(TARGET_NAME)";
				SWIFT_EMIT_LOC_STRINGS = YES;
				SWIFT_VERSION = 5.0;
				TARGETED_DEVICE_FAMILY = "1,2";
			};
			name = Debug;
		};
		A0BA7F422C40D3B800082026 /* Release */ = {
			isa = XCBuildConfiguration;
			buildSettings = {
				ASSETCATALOG_COMPILER_APPICON_NAME = AppIcon;
				ASSETCATALOG_COMPILER_GLOBAL_ACCENT_COLOR_NAME = AccentColor;
				CODE_SIGN_STYLE = Automatic;
				CURRENT_PROJECT_VERSION = 1;
				DEVELOPMENT_ASSET_PATHS = "\"MindfulnessiOS/Preview Content\"";
				ENABLE_PREVIEWS = YES;
				GENERATE_INFOPLIST_FILE = YES;
				INFOPLIST_KEY_UIApplicationSceneManifest_Generation = YES;
				INFOPLIST_KEY_UIApplicationSupportsIndirectInputEvents = YES;
				INFOPLIST_KEY_UILaunchScreen_Generation = YES;
				INFOPLIST_KEY_UISupportedInterfaceOrientations_iPad = "UIInterfaceOrientationPortrait UIInterfaceOrientationPortraitUpsideDown UIInterfaceOrientationLandscapeLeft UIInterfaceOrientationLandscapeRight";
				INFOPLIST_KEY_UISupportedInterfaceOrientations_iPhone = "UIInterfaceOrientationPortrait UIInterfaceOrientationLandscapeLeft UIInterfaceOrientationLandscapeRight";
				LD_RUNPATH_SEARCH_PATHS = (
					"$(inherited)",
					"@executable_path/Frameworks",
				);
				MARKETING_VERSION = 1.0;
				PRODUCT_BUNDLE_IDENTIFIER = com.palani.MindfulnessiOS;
				PRODUCT_NAME = "$(TARGET_NAME)";
				SWIFT_EMIT_LOC_STRINGS = YES;
				SWIFT_VERSION = 5.0;
				TARGETED_DEVICE_FAMILY = "1,2";
			};
			name = Release;
		};
		A0BA7F442C40D3B800082026 /* Debug */ = {
			isa = XCBuildConfiguration;
			buildSettings = {
				ALWAYS_EMBED_SWIFT_STANDARD_LIBRARIES = YES;
				BUNDLE_LOADER = "$(TEST_HOST)";
				CODE_SIGN_STYLE = Automatic;
				CURRENT_PROJECT_VERSION = 1;
				GENERATE_INFOPLIST_FILE = YES;
				IPHONEOS_DEPLOYMENT_TARGET = 17.4;
				MARKETING_VERSION = 1.0;
				PRODUCT_BUNDLE_IDENTIFIER = com.palani.MindfulnessiOSTests;
				PRODUCT_NAME = "$(TARGET_NAME)";
				SWIFT_EMIT_LOC_STRINGS = NO;
				SWIFT_VERSION = 5.0;
				TARGETED_DEVICE_FAMILY = "1,2";
				TEST_HOST = "$(BUILT_PRODUCTS_DIR)/MindfulnessiOS.app/$(BUNDLE_EXECUTABLE_FOLDER_PATH)/MindfulnessiOS";
			};
			name = Debug;
		};
		A0BA7F452C40D3B800082026 /* Release */ = {
			isa = XCBuildConfiguration;
			buildSettings = {
				ALWAYS_EMBED_SWIFT_STANDARD_LIBRARIES = YES;
				BUNDLE_LOADER = "$(TEST_HOST)";
				CODE_SIGN_STYLE = Automatic;
				CURRENT_PROJECT_VERSION = 1;
				GENERATE_INFOPLIST_FILE = YES;
				IPHONEOS_DEPLOYMENT_TARGET = 17.4;
				MARKETING_VERSION = 1.0;
				PRODUCT_BUNDLE_IDENTIFIER = com.palani.MindfulnessiOSTests;
				PRODUCT_NAME = "$(TARGET_NAME)";
				SWIFT_EMIT_LOC_STRINGS = NO;
				SWIFT_VERSION = 5.0;
				TARGETED_DEVICE_FAMILY = "1,2";
				TEST_HOST = "$(BUILT_PRODUCTS_DIR)/MindfulnessiOS.app/$(BUNDLE_EXECUTABLE_FOLDER_PATH)/MindfulnessiOS";
			};
			name = Release;
		};
		A0BA7F472C40D3B800082026 /* Debug */ = {
			isa = XCBuildConfiguration;
			buildSettings = {
				ALWAYS_EMBED_SWIFT_STANDARD_LIBRARIES = YES;
				CODE_SIGN_STYLE = Automatic;
				CURRENT_PROJECT_VERSION = 1;
				GENERATE_INFOPLIST_FILE = YES;
				MARKETING_VERSION = 1.0;
				PRODUCT_BUNDLE_IDENTIFIER = com.palani.MindfulnessiOSUITests;
				PRODUCT_NAME = "$(TARGET_NAME)";
				SWIFT_EMIT_LOC_STRINGS = NO;
				SWIFT_VERSION = 5.0;
				TARGETED_DEVICE_FAMILY = "1,2";
				TEST_TARGET_NAME = MindfulnessiOS;
			};
			name = Debug;
		};
		A0BA7F482C40D3B800082026 /* Release */ = {
			isa = XCBuildConfiguration;
			buildSettings = {
				ALWAYS_EMBED_SWIFT_STANDARD_LIBRARIES = YES;
				CODE_SIGN_STYLE = Automatic;
				CURRENT_PROJECT_VERSION = 1;
				GENERATE_INFOPLIST_FILE = YES;
				MARKETING_VERSION = 1.0;
				PRODUCT_BUNDLE_IDENTIFIER = com.palani.MindfulnessiOSUITests;
				PRODUCT_NAME = "$(TARGET_NAME)";
				SWIFT_EMIT_LOC_STRINGS = NO;
				SWIFT_VERSION = 5.0;
				TARGETED_DEVICE_FAMILY = "1,2";
				TEST_TARGET_NAME = MindfulnessiOS;
			};
			name = Release;
		};
/* End XCBuildConfiguration section */

/* Begin XCConfigurationList section */
		A0BA7F172C40D3B500082026 /* Build configuration list for PBXProject "MindfulnessiOS" */ = {
			isa = XCConfigurationList;
			buildConfigurations = (
				A0BA7F3E2C40D3B800082026 /* Debug */,
				A0BA7F3F2C40D3B800082026 /* Release */,
			);
			defaultConfigurationIsVisible = 0;
			defaultConfigurationName = Release;
		};
		A0BA7F402C40D3B800082026 /* Build configuration list for PBXNativeTarget "MindfulnessiOS" */ = {
			isa = XCConfigurationList;
			buildConfigurations = (
				A0BA7F412C40D3B800082026 /* Debug */,
				A0BA7F422C40D3B800082026 /* Release */,
			);
			defaultConfigurationIsVisible = 0;
			defaultConfigurationName = Release;
		};
		A0BA7F432C40D3B800082026 /* Build configuration list for PBXNativeTarget "MindfulnessiOSTests" */ = {
			isa = XCConfigurationList;
			buildConfigurations = (
				A0BA7F442C40D3B800082026 /* Debug */,
				A0BA7F452C40D3B800082026 /* Release */,
			);
			defaultConfigurationIsVisible = 0;
			defaultConfigurationName = Release;
		};
		A0BA7F462C40D3B800082026 /* Build configuration list for PBXNativeTarget "MindfulnessiOSUITests" */ = {
			isa = XCConfigurationList;
			buildConfigurations = (
				A0BA7F472C40D3B800082026 /* Debug */,
				A0BA7F482C40D3B800082026 /* Release */,
			);
			defaultConfigurationIsVisible = 0;
			defaultConfigurationName = Release;
		};
/* End XCConfigurationList section */
	};
	rootObject = A0BA7F142C40D3B500082026 /* Project object */;
}
